
Microsoft Visual Studio Solution File, Format Version 12.00
# Visual Studio Version 17
VisualStudioVersion = 17.14.36414.22
MinimumVisualStudioVersion = 10.0.40219.1
Project("{2150E333-8FDC-42A3-9474-1A3956D46DE8}") = "Task0", "Task0", "{02EA681E-C7D8-13C7-8484-4AC65E1B71E8}"
EndProject
Project("{FAE04EC0-301F-11D3-BF4B-00C04F79EFBC}") = "Tyuiu.KuchukIA.Sprint3.Task0.V21", "Tyuiu.KuchukIA.Sprint3.Task0.V21\Tyuiu.KuchukIA.Sprint3.Task0.V21.csproj", "{A93AD42F-4003-46C4-93E1-487786FAE6E1}"
EndProject
Project("{FAE04EC0-301F-11D3-BF4B-00C04F79EFBC}") = "Tyuiu.KuchukIA.Sprint3.Task0.V21.Test", "Tyuiu.KuchukIA.Sprint3.Task0.V21.Test\Tyuiu.KuchukIA.Sprint3.Task0.V21.Test.csproj", "{39BCF1D4-CBC2-4513-87E8-BA8C4F3A40C8}"
EndProject
Project("{FAE04EC0-301F-11D3-BF4B-00C04F79EFBC}") = "Tyuiu.KuchukIA.Sprint3.Task0.V21.Lib", "Tyuiu.KuchukIA.Sprint3.Task0.V21.Lib\Tyuiu.KuchukIA.Sprint3.Task0.V21.Lib.csproj", "{AFBC3D6E-8FC9-456D-AF3E-03FF1DAD867D}"
EndProject
Project("{2150E333-8FDC-42A3-9474-1A3956D46DE8}") = "Task1", "Task1", "{DEC282B9-6A6E-40B2-B31B-D1B53D5CE363}"
EndProject
Project("{FAE04EC0-301F-11D3-BF4B-00C04F79EFBC}") = "Tyuiu.KuchukIA.Sprint3.Task1.V13.Lib", "Tyuiu.KuchukIA.Sprint3.Task1.V13.Lib\Tyuiu.KuchukIA.Sprint3.Task1.V13.Lib.csproj", "{711B228A-ABE5-4FF9-9972-E9AABE3F4ED4}"
EndProject
Project("{FAE04EC0-301F-11D3-BF4B-00C04F79EFBC}") = "Tyuiu.KuchukIA.Sprint3.Task1.V13.Test", "Tyuiu.KuchukIA.Sprint3.Task1.V13.Test\Tyuiu.KuchukIA.Sprint3.Task1.V13.Test.csproj", "{C0B166F2-5A49-4713-BC01-A641CC48D087}"
EndProject
Project("{FAE04EC0-301F-11D3-BF4B-00C04F79EFBC}") = "Tyuiu.KuchukIA.Sprint3.Task1.V13", "Tyuiu.KuchukIA.Sprint3.Task1.V13\Tyuiu.KuchukIA.Sprint3.Task1.V13.csproj", "{12E67529-A910-42EF-A73E-0227D5A2C096}"
EndProject
Project("{2150E333-8FDC-42A3-9474-1A3956D46DE8}") = "Task2", "Task2", "{B69EA798-F31B-4D34-B347-B62CF8762CB6}"
EndProject
Project("{FAE04EC0-301F-11D3-BF4B-00C04F79EFBC}") = "Tyuiu.KuchukIA.Sprint3.Task2.V5", "Tyuiu.KuchukIA.Sprint3.Task2.V5\Tyuiu.KuchukIA.Sprint3.Task2.V5.csproj", "{0AC9F84E-0548-43DE-8709-6416DD7E67A0}"
EndProject
Project("{FAE04EC0-301F-11D3-BF4B-00C04F79EFBC}") = "Tyuiu.KuchukIA.Sprint3.Task2.V5.Test", "Tyuiu.KuchukIA.Sprint3.Task2.V5.Test\Tyuiu.KuchukIA.Sprint3.Task2.V5.Test.csproj", "{F7301B99-EE7F-4F87-AB55-7663AE3463BF}"
EndProject
Project("{FAE04EC0-301F-11D3-BF4B-00C04F79EFBC}") = "Tyuiu.KuchukIA.Sprint3.Task2.V5.Lib", "Tyuiu.KuchukIA.Sprint3.Task2.V5.Lib\Tyuiu.KuchukIA.Sprint3.Task2.V5.Lib.csproj", "{7CF5B6A0-9ED2-4AFC-B94E-97A8E3D38634}"
EndProject
Project("{2150E333-8FDC-42A3-9474-1A3956D46DE8}") = "Task3", "Task3", "{DC363F0C-C67A-46EB-8C65-6ECB0D24E9ED}"
EndProject
Project("{FAE04EC0-301F-11D3-BF4B-00C04F79EFBC}") = "Tyuiu.KuchukIA.Sprint3.Task3.V14", "Tyuiu.KuchukIA.Sprint3.Task3.V14\Tyuiu.KuchukIA.Sprint3.Task3.V14.csproj", "{1C2A672A-4C73-431D-9B97-472403137000}"
EndProject
Project("{FAE04EC0-301F-11D3-BF4B-00C04F79EFBC}") = "Tyuiu.KuchukIA.Sprint3.Task3.V14.Lib", "Tyuiu.KuchukIA.Sprint3.Task3.V14.Lib\Tyuiu.KuchukIA.Sprint3.Task3.V14.Lib.csproj", "{01E6750D-D5DC-4AAF-B622-53B4EBBEE7F9}"
EndProject
Project("{FAE04EC0-301F-11D3-BF4B-00C04F79EFBC}") = "Tyuiu.KuchukIA.Sprint3.Task3.V14.Test", "Tyuiu.KuchukIA.Sprint3.Task3.V14.Test\Tyuiu.KuchukIA.Sprint3.Task3.V14.Test.csproj", "{BE962E91-4AC9-475C-B5C7-B3A57E06D22B}"
EndProject
Project("{2150E333-8FDC-42A3-9474-1A3956D46DE8}") = "Task4", "Task4", "{4C3DD64F-3423-4F35-854D-BC36814307BC}"
EndProject
Project("{FAE04EC0-301F-11D3-BF4B-00C04F79EFBC}") = "Tyuiu.KuchukIA.Sprint3.Task4.V4", "Tyuiu.KuchukIA.Sprint3.Task4.V4\Tyuiu.KuchukIA.Sprint3.Task4.V4.csproj", "{2C3D776A-598E-4008-B5F5-A4C5359838E2}"
EndProject
Project("{FAE04EC0-301F-11D3-BF4B-00C04F79EFBC}") = "Tyuiu.KuchukIA.Sprint3.Task4.V4.Test", "Tyuiu.KuchukIA.Sprint3.Task4.V4.Test\Tyuiu.KuchukIA.Sprint3.Task4.V4.Test.csproj", "{82D008D4-8FD9-4751-AF61-5961FB692B61}"
EndProject
Project("{FAE04EC0-301F-11D3-BF4B-00C04F79EFBC}") = "Tyuiu.KuchukIA.Sprint3.Task4.V4.Lib", "Tyuiu.KuchukIA.Sprint3.Task4.V4.Lib\Tyuiu.KuchukIA.Sprint3.Task4.V4.Lib.csproj", "{C669269F-00AF-4AAF-A34C-0591440C9D8B}"
EndProject
Project("{2150E333-8FDC-42A3-9474-1A3956D46DE8}") = "Task5", "Task5", "{58E16C46-F293-4E61-B8FD-6BFA88000DB0}"
EndProject
Project("{FAE04EC0-301F-11D3-BF4B-00C04F79EFBC}") = "Tyuiu.KuchukIA.Sprint3.Task5.V16", "Tyuiu.KuchukIA.Sprint3.Task5.V16\Tyuiu.KuchukIA.Sprint3.Task5.V16.csproj", "{8CF17958-63EC-469B-8D84-77C1CA3243AD}"
EndProject
Project("{FAE04EC0-301F-11D3-BF4B-00C04F79EFBC}") = "Tyuiu.KuchukIA.Sprint3.Task5.V16.Lib", "Tyuiu.KuchukIA.Sprint3.Task5.V16.Lib\Tyuiu.KuchukIA.Sprint3.Task5.V16.Lib.csproj", "{EC555663-11F8-432C-B8CA-9A09EDAE2D20}"
EndProject
Project("{FAE04EC0-301F-11D3-BF4B-00C04F79EFBC}") = "Tyuiu.KuchukIA.Sprint3.Task5.V16.Test", "Tyuiu.KuchukIA.Sprint3.Task5.V16.Test\Tyuiu.KuchukIA.Sprint3.Task5.V16.Test.csproj", "{F4332C4D-7ABA-42C3-B48C-5C1ED037072E}"
EndProject
Project("{2150E333-8FDC-42A3-9474-1A3956D46DE8}") = "Task6", "Task6", "{440E15F2-DEAE-42EA-9B4F-A4869EAE427D}"
EndProject
Project("{FAE04EC0-301F-11D3-BF4B-00C04F79EFBC}") = "Tyuiu.KuchukIA.Sprint3.Task6.V7", "Tyuiu.KuchukIA.Sprint3.Task6.V7\Tyuiu.KuchukIA.Sprint3.Task6.V7.csproj", "{5A1F442D-A8CA-4BCF-80FF-C3917EE46242}"
EndProject
Project("{FAE04EC0-301F-11D3-BF4B-00C04F79EFBC}") = "Tyuiu.KuchukIA.Sprint3.Task6.V7.Test", "Tyuiu.KuchukIA.Sprint3.Task6.V7.Test\Tyuiu.KuchukIA.Sprint3.Task6.V7.Test.csproj", "{C557D238-040B-4001-B49C-35C1D459C44C}"
EndProject
Project("{FAE04EC0-301F-11D3-BF4B-00C04F79EFBC}") = "Tyuiu.KuchukIA.Sprint3.Task6.V7.Lib", "Tyuiu.KuchukIA.Sprint3.Task6.V7.Lib\Tyuiu.KuchukIA.Sprint3.Task6.V7.Lib.csproj", "{76CF7EC6-2F43-46C3-972C-20D5186BDDC5}"
EndProject
Project("{2150E333-8FDC-42A3-9474-1A3956D46DE8}") = "Task7", "Task7", "{EB2E24AC-430A-42CF-BBDD-6846CB70F47C}"
EndProject
Project("{FAE04EC0-301F-11D3-BF4B-00C04F79EFBC}") = "Tyuiu.KuchukIA.Sprint3.Task7.V24", "Tyuiu.KuchukIA.Sprint3.Task7.V24\Tyuiu.KuchukIA.Sprint3.Task7.V24.csproj", "{3BFE47CB-069E-416B-B75A-75D377A9E731}"
EndProject
Project("{FAE04EC0-301F-11D3-BF4B-00C04F79EFBC}") = "Tyuiu.KuchukIA.Sprint3.Task7.V24.Lib", "Tyuiu.KuchukIA.Sprint3.Task7.V24.Lib\Tyuiu.KuchukIA.Sprint3.Task7.V24.Lib.csproj", "{49145648-226C-464E-A3CB-8F6A56B8F9C8}"
EndProject
Project("{FAE04EC0-301F-11D3-BF4B-00C04F79EFBC}") = "Tyuiu.KuchukIA.Sprint3.Task7.V24.Test", "Tyuiu.KuchukIA.Sprint3.Task7.V24.Test\Tyuiu.KuchukIA.Sprint3.Task7.V24.Test.csproj", "{C3035621-5AD2-4F3E-BE75-3839EFAC9D9B}"
EndProject
Global
	GlobalSection(SolutionConfigurationPlatforms) = preSolution
		Debug|Any CPU = Debug|Any CPU
		Release|Any CPU = Release|Any CPU
	EndGlobalSection
	GlobalSection(ProjectConfigurationPlatforms) = postSolution
		{A93AD42F-4003-46C4-93E1-487786FAE6E1}.Debug|Any CPU.ActiveCfg = Debug|Any CPU
		{A93AD42F-4003-46C4-93E1-487786FAE6E1}.Debug|Any CPU.Build.0 = Debug|Any CPU
		{A93AD42F-4003-46C4-93E1-487786FAE6E1}.Release|Any CPU.ActiveCfg = Release|Any CPU
		{A93AD42F-4003-46C4-93E1-487786FAE6E1}.Release|Any CPU.Build.0 = Release|Any CPU
		{39BCF1D4-CBC2-4513-87E8-BA8C4F3A40C8}.Debug|Any CPU.ActiveCfg = Debug|Any CPU
		{39BCF1D4-CBC2-4513-87E8-BA8C4F3A40C8}.Debug|Any CPU.Build.0 = Debug|Any CPU
		{39BCF1D4-CBC2-4513-87E8-BA8C4F3A40C8}.Release|Any CPU.ActiveCfg = Release|Any CPU
		{39BCF1D4-CBC2-4513-87E8-BA8C4F3A40C8}.Release|Any CPU.Build.0 = Release|Any CPU
		{AFBC3D6E-8FC9-456D-AF3E-03FF1DAD867D}.Debug|Any CPU.ActiveCfg = Debug|Any CPU
		{AFBC3D6E-8FC9-456D-AF3E-03FF1DAD867D}.Debug|Any CPU.Build.0 = Debug|Any CPU
		{AFBC3D6E-8FC9-456D-AF3E-03FF1DAD867D}.Release|Any CPU.ActiveCfg = Release|Any CPU
		{AFBC3D6E-8FC9-456D-AF3E-03FF1DAD867D}.Release|Any CPU.Build.0 = Release|Any CPU
		{711B228A-ABE5-4FF9-9972-E9AABE3F4ED4}.Debug|Any CPU.ActiveCfg = Debug|Any CPU
		{711B228A-ABE5-4FF9-9972-E9AABE3F4ED4}.Debug|Any CPU.Build.0 = Debug|Any CPU
		{711B228A-ABE5-4FF9-9972-E9AABE3F4ED4}.Release|Any CPU.ActiveCfg = Release|Any CPU
		{711B228A-ABE5-4FF9-9972-E9AABE3F4ED4}.Release|Any CPU.Build.0 = Release|Any CPU
		{C0B166F2-5A49-4713-BC01-A641CC48D087}.Debug|Any CPU.ActiveCfg = Debug|Any CPU
		{C0B166F2-5A49-4713-BC01-A641CC48D087}.Debug|Any CPU.Build.0 = Debug|Any CPU
		{C0B166F2-5A49-4713-BC01-A641CC48D087}.Release|Any CPU.ActiveCfg = Release|Any CPU
		{C0B166F2-5A49-4713-BC01-A641CC48D087}.Release|Any CPU.Build.0 = Release|Any CPU
		{12E67529-A910-42EF-A73E-0227D5A2C096}.Debug|Any CPU.ActiveCfg = Debug|Any CPU
		{12E67529-A910-42EF-A73E-0227D5A2C096}.Debug|Any CPU.Build.0 = Debug|Any CPU
		{12E67529-A910-42EF-A73E-0227D5A2C096}.Release|Any CPU.ActiveCfg = Release|Any CPU
		{12E67529-A910-42EF-A73E-0227D5A2C096}.Release|Any CPU.Build.0 = Release|Any CPU
		{0AC9F84E-0548-43DE-8709-6416DD7E67A0}.Debug|Any CPU.ActiveCfg = Debug|Any CPU
		{0AC9F84E-0548-43DE-8709-6416DD7E67A0}.Debug|Any CPU.Build.0 = Debug|Any CPU
		{0AC9F84E-0548-43DE-8709-6416DD7E67A0}.Release|Any CPU.ActiveCfg = Release|Any CPU
		{0AC9F84E-0548-43DE-8709-6416DD7E67A0}.Release|Any CPU.Build.0 = Release|Any CPU
		{F7301B99-EE7F-4F87-AB55-7663AE3463BF}.Debug|Any CPU.ActiveCfg = Debug|Any CPU
		{F7301B99-EE7F-4F87-AB55-7663AE3463BF}.Debug|Any CPU.Build.0 = Debug|Any CPU
		{F7301B99-EE7F-4F87-AB55-7663AE3463BF}.Release|Any CPU.ActiveCfg = Release|Any CPU
		{F7301B99-EE7F-4F87-AB55-7663AE3463BF}.Release|Any CPU.Build.0 = Release|Any CPU
		{7CF5B6A0-9ED2-4AFC-B94E-97A8E3D38634}.Debug|Any CPU.ActiveCfg = Debug|Any CPU
		{7CF5B6A0-9ED2-4AFC-B94E-97A8E3D38634}.Debug|Any CPU.Build.0 = Debug|Any CPU
		{7CF5B6A0-9ED2-4AFC-B94E-97A8E3D38634}.Release|Any CPU.ActiveCfg = Release|Any CPU
		{7CF5B6A0-9ED2-4AFC-B94E-97A8E3D38634}.Release|Any CPU.Build.0 = Release|Any CPU
		{1C2A672A-4C73-431D-9B97-472403137000}.Debug|Any CPU.ActiveCfg = Debug|Any CPU
		{1C2A672A-4C73-431D-9B97-472403137000}.Debug|Any CPU.Build.0 = Debug|Any CPU
		{1C2A672A-4C73-431D-9B97-472403137000}.Release|Any CPU.ActiveCfg = Release|Any CPU
		{1C2A672A-4C73-431D-9B97-472403137000}.Release|Any CPU.Build.0 = Release|Any CPU
		{01E6750D-D5DC-4AAF-B622-53B4EBBEE7F9}.Debug|Any CPU.ActiveCfg = Debug|Any CPU
		{01E6750D-D5DC-4AAF-B622-53B4EBBEE7F9}.Debug|Any CPU.Build.0 = Debug|Any CPU
		{01E6750D-D5DC-4AAF-B622-53B4EBBEE7F9}.Release|Any CPU.ActiveCfg = Release|Any CPU
		{01E6750D-D5DC-4AAF-B622-53B4EBBEE7F9}.Release|Any CPU.Build.0 = Release|Any CPU
		{BE962E91-4AC9-475C-B5C7-B3A57E06D22B}.Debug|Any CPU.ActiveCfg = Debug|Any CPU
		{BE962E91-4AC9-475C-B5C7-B3A57E06D22B}.Debug|Any CPU.Build.0 = Debug|Any CPU
		{BE962E91-4AC9-475C-B5C7-B3A57E06D22B}.Release|Any CPU.ActiveCfg = Release|Any CPU
		{BE962E91-4AC9-475C-B5C7-B3A57E06D22B}.Release|Any CPU.Build.0 = Release|Any CPU
		{2C3D776A-598E-4008-B5F5-A4C5359838E2}.Debug|Any CPU.ActiveCfg = Debug|Any CPU
		{2C3D776A-598E-4008-B5F5-A4C5359838E2}.Debug|Any CPU.Build.0 = Debug|Any CPU
		{2C3D776A-598E-4008-B5F5-A4C5359838E2}.Release|Any CPU.ActiveCfg = Release|Any CPU
		{2C3D776A-598E-4008-B5F5-A4C5359838E2}.Release|Any CPU.Build.0 = Release|Any CPU
		{82D008D4-8FD9-4751-AF61-5961FB692B61}.Debug|Any CPU.ActiveCfg = Debug|Any CPU
		{82D008D4-8FD9-4751-AF61-5961FB692B61}.Debug|Any CPU.Build.0 = Debug|Any CPU
		{82D008D4-8FD9-4751-AF61-5961FB692B61}.Release|Any CPU.ActiveCfg = Release|Any CPU
		{82D008D4-8FD9-4751-AF61-5961FB692B61}.Release|Any CPU.Build.0 = Release|Any CPU
		{C669269F-00AF-4AAF-A34C-0591440C9D8B}.Debug|Any CPU.ActiveCfg = Debug|Any CPU
		{C669269F-00AF-4AAF-A34C-0591440C9D8B}.Debug|Any CPU.Build.0 = Debug|Any CPU
		{C669269F-00AF-4AAF-A34C-0591440C9D8B}.Release|Any CPU.ActiveCfg = Release|Any CPU
		{C669269F-00AF-4AAF-A34C-0591440C9D8B}.Release|Any CPU.Build.0 = Release|Any CPU
		{8CF17958-63EC-469B-8D84-77C1CA3243AD}.Debug|Any CPU.ActiveCfg = Debug|Any CPU
		{8CF17958-63EC-469B-8D84-77C1CA3243AD}.Debug|Any CPU.Build.0 = Debug|Any CPU
		{8CF17958-63EC-469B-8D84-77C1CA3243AD}.Release|Any CPU.ActiveCfg = Release|Any CPU
		{8CF17958-63EC-469B-8D84-77C1CA3243AD}.Release|Any CPU.Build.0 = Release|Any CPU
		{EC555663-11F8-432C-B8CA-9A09EDAE2D20}.Debug|Any CPU.ActiveCfg = Debug|Any CPU
		{EC555663-11F8-432C-B8CA-9A09EDAE2D20}.Debug|Any CPU.Build.0 = Debug|Any CPU
		{EC555663-11F8-432C-B8CA-9A09EDAE2D20}.Release|Any CPU.ActiveCfg = Release|Any CPU
		{EC555663-11F8-432C-B8CA-9A09EDAE2D20}.Release|Any CPU.Build.0 = Release|Any CPU
		{F4332C4D-7ABA-42C3-B48C-5C1ED037072E}.Debug|Any CPU.ActiveCfg = Debug|Any CPU
		{F4332C4D-7ABA-42C3-B48C-5C1ED037072E}.Debug|Any CPU.Build.0 = Debug|Any CPU
		{F4332C4D-7ABA-42C3-B48C-5C1ED037072E}.Release|Any CPU.ActiveCfg = Release|Any CPU
		{F4332C4D-7ABA-42C3-B48C-5C1ED037072E}.Release|Any CPU.Build.0 = Release|Any CPU
		{5A1F442D-A8CA-4BCF-80FF-C3917EE46242}.Debug|Any CPU.ActiveCfg = Debug|Any CPU
		{5A1F442D-A8CA-4BCF-80FF-C3917EE46242}.Debug|Any CPU.Build.0 = Debug|Any CPU
		{5A1F442D-A8CA-4BCF-80FF-C3917EE46242}.Release|Any CPU.ActiveCfg = Release|Any CPU
		{5A1F442D-A8CA-4BCF-80FF-C3917EE46242}.Release|Any CPU.Build.0 = Release|Any CPU
		{C557D238-040B-4001-B49C-35C1D459C44C}.Debug|Any CPU.ActiveCfg = Debug|Any CPU
		{C557D238-040B-4001-B49C-35C1D459C44C}.Debug|Any CPU.Build.0 = Debug|Any CPU
		{C557D238-040B-4001-B49C-35C1D459C44C}.Release|Any CPU.ActiveCfg = Release|Any CPU
		{C557D238-040B-4001-B49C-35C1D459C44C}.Release|Any CPU.Build.0 = Release|Any CPU
		{76CF7EC6-2F43-46C3-972C-20D5186BDDC5}.Debug|Any CPU.ActiveCfg = Debug|Any CPU
		{76CF7EC6-2F43-46C3-972C-20D5186BDDC5}.Debug|Any CPU.Build.0 = Debug|Any CPU
		{76CF7EC6-2F43-46C3-972C-20D5186BDDC5}.Release|Any CPU.ActiveCfg = Release|Any CPU
		{76CF7EC6-2F43-46C3-972C-20D5186BDDC5}.Release|Any CPU.Build.0 = Release|Any CPU
		{3BFE47CB-069E-416B-B75A-75D377A9E731}.Debug|Any CPU.ActiveCfg = Debug|Any CPU
		{3BFE47CB-069E-416B-B75A-75D377A9E731}.Debug|Any CPU.Build.0 = Debug|Any CPU
		{3BFE47CB-069E-416B-B75A-75D377A9E731}.Release|Any CPU.ActiveCfg = Release|Any CPU
		{3BFE47CB-069E-416B-B75A-75D377A9E731}.Release|Any CPU.Build.0 = Release|Any CPU
		{49145648-226C-464E-A3CB-8F6A56B8F9C8}.Debug|Any CPU.ActiveCfg = Debug|Any CPU
		{49145648-226C-464E-A3CB-8F6A56B8F9C8}.Debug|Any CPU.Build.0 = Debug|Any CPU
		{49145648-226C-464E-A3CB-8F6A56B8F9C8}.Release|Any CPU.ActiveCfg = Release|Any CPU
		{49145648-226C-464E-A3CB-8F6A56B8F9C8}.Release|Any CPU.Build.0 = Release|Any CPU
		{C3035621-5AD2-4F3E-BE75-3839EFAC9D9B}.Debug|Any CPU.ActiveCfg = Debug|Any CPU
		{C3035621-5AD2-4F3E-BE75-3839EFAC9D9B}.Debug|Any CPU.Build.0 = Debug|Any CPU
		{C3035621-5AD2-4F3E-BE75-3839EFAC9D9B}.Release|Any CPU.ActiveCfg = Release|Any CPU
		{C3035621-5AD2-4F3E-BE75-3839EFAC9D9B}.Release|Any CPU.Build.0 = Release|Any CPU
	EndGlobalSection
	GlobalSection(SolutionProperties) = preSolution
		HideSolutionNode = FALSE
	EndGlobalSection
	GlobalSection(NestedProjects) = preSolution
		{A93AD42F-4003-46C4-93E1-487786FAE6E1} = {02EA681E-C7D8-13C7-8484-4AC65E1B71E8}
		{39BCF1D4-CBC2-4513-87E8-BA8C4F3A40C8} = {02EA681E-C7D8-13C7-8484-4AC65E1B71E8}
		{AFBC3D6E-8FC9-456D-AF3E-03FF1DAD867D} = {02EA681E-C7D8-13C7-8484-4AC65E1B71E8}
		{711B228A-ABE5-4FF9-9972-E9AABE3F4ED4} = {DEC282B9-6A6E-40B2-B31B-D1B53D5CE363}
		{C0B166F2-5A49-4713-BC01-A641CC48D087} = {DEC282B9-6A6E-40B2-B31B-D1B53D5CE363}
		{12E67529-A910-42EF-A73E-0227D5A2C096} = {DEC282B9-6A6E-40B2-B31B-D1B53D5CE363}
		{0AC9F84E-0548-43DE-8709-6416DD7E67A0} = {B69EA798-F31B-4D34-B347-B62CF8762CB6}
		{F7301B99-EE7F-4F87-AB55-7663AE3463BF} = {B69EA798-F31B-4D34-B347-B62CF8762CB6}
		{7CF5B6A0-9ED2-4AFC-B94E-97A8E3D38634} = {B69EA798-F31B-4D34-B347-B62CF8762CB6}
		{1C2A672A-4C73-431D-9B97-472403137000} = {DC363F0C-C67A-46EB-8C65-6ECB0D24E9ED}
		{01E6750D-D5DC-4AAF-B622-53B4EBBEE7F9} = {DC363F0C-C67A-46EB-8C65-6ECB0D24E9ED}
		{BE962E91-4AC9-475C-B5C7-B3A57E06D22B} = {DC363F0C-C67A-46EB-8C65-6ECB0D24E9ED}
		{2C3D776A-598E-4008-B5F5-A4C5359838E2} = {4C3DD64F-3423-4F35-854D-BC36814307BC}
		{82D008D4-8FD9-4751-AF61-5961FB692B61} = {4C3DD64F-3423-4F35-854D-BC36814307BC}
		{C669269F-00AF-4AAF-A34C-0591440C9D8B} = {4C3DD64F-3423-4F35-854D-BC36814307BC}
		{8CF17958-63EC-469B-8D84-77C1CA3243AD} = {58E16C46-F293-4E61-B8FD-6BFA88000DB0}
		{EC555663-11F8-432C-B8CA-9A09EDAE2D20} = {58E16C46-F293-4E61-B8FD-6BFA88000DB0}
		{F4332C4D-7ABA-42C3-B48C-5C1ED037072E} = {58E16C46-F293-4E61-B8FD-6BFA88000DB0}
		{5A1F442D-A8CA-4BCF-80FF-C3917EE46242} = {440E15F2-DEAE-42EA-9B4F-A4869EAE427D}
		{C557D238-040B-4001-B49C-35C1D459C44C} = {440E15F2-DEAE-42EA-9B4F-A4869EAE427D}
		{76CF7EC6-2F43-46C3-972C-20D5186BDDC5} = {440E15F2-DEAE-42EA-9B4F-A4869EAE427D}
		{3BFE47CB-069E-416B-B75A-75D377A9E731} = {EB2E24AC-430A-42CF-BBDD-6846CB70F47C}
		{49145648-226C-464E-A3CB-8F6A56B8F9C8} = {EB2E24AC-430A-42CF-BBDD-6846CB70F47C}
		{C3035621-5AD2-4F3E-BE75-3839EFAC9D9B} = {EB2E24AC-430A-42CF-BBDD-6846CB70F47C}
	EndGlobalSection
	GlobalSection(ExtensibilityGlobals) = postSolution
		SolutionGuid = {83648711-189A-4F99-9A62-C8F6166312DD}
	EndGlobalSection
EndGlobal
